{
  "lockfileVersion": 1,
  "configVersion": 0,
  "workspaces": {
    "": {
      "devDependencies": {
        "prettier": "^3.8.1",
        "prettier-plugin-jinja-template": "^2.0.0",
      },
    },
  },
  "packages": {
    "prettier": ["prettier@3.8.1", "", { "bin": { "prettier": "bin/prettier.cjs" } }, "sha512-UOnG6LftzbdaHZcKoPFtOcCKztrQ57WkHDeRD9t/PTQtmT0NHSeWWepj6pS0z/N7+08BHFDQVUrfmfMRcZwbMg=="],

    "prettier-plugin-jinja-template": ["prettier-plugin-jinja-template@2.0.0", "", { "peerDependencies": { "prettier": "^3.0.0" } }, "sha512-REZDAcZuOUvMDaPS47/GNRLKvbxh9DO9euXhWA7gJGqTLGzHPK2Z841F8I4bxsR7e2lqnHezkQ8GcWaKekKBVQ=="],
  }
}
